// !$*UTF8*$!
{
	archiveVersion = 1;
	classes = {
	};
	objectVersion = 55;
	objects = {

/* Begin PBXBuildFile section */
		BE15A02328F80FD6004AE5B5 /* Extension.swift in Sources */ = {isa = PBXBuildFile; fileRef = BE15A02228F80FD6004AE5B5 /* Extension.swift */; };
		BEE09D3F28F6960000541A7C /* AppDelegate.swift in Sources */ = {isa = PBXBuildFile; fileRef = BEE09D3E28F6960000541A7C /* AppDelegate.swift */; };
		BEE09D4128F6960000541A7C /* SceneDelegate.swift in Sources */ = {isa = PBXBuildFile; fileRef = BEE09D4028F6960000541A7C /* SceneDelegate.swift */; };
		BEE09D4328F6960000541A7C /* ViewController.swift in Sources */ = {isa = PBXBuildFile; fileRef = BEE09D4228F6960000541A7C /* ViewController.swift */; };
		BEE09D4628F6960000541A7C /* Main.storyboard in Resources */ = {isa = PBXBuildFile; fileRef = BEE09D4428F6960000541A7C /* Main.storyboard */; };
		BEE09D4828F6960300541A7C /* Assets.xcassets in Resources */ = {isa = PBXBuildFile; fileRef = BEE09D4728F6960300541A7C /* Assets.xcassets */; };
		BEE09D4B28F6960300541A7C /* LaunchScreen.storyboard in Resources */ = {isa = PBXBuildFile; fileRef = BEE09D4928F6960300541A7C /* LaunchScreen.storyboard */; };
/* End PBXBuildFile section */

/* Begin PBXFileReference section */
		BE15A02228F80FD6004AE5B5 /* Extension.swift */ = {isa = PBXFileReference; lastKnownFileType = sourcecode.swift; path = Extension.swift; sourceTree = "<group>"; };
		BEE09D3B28F6960000541A7C /* HW17.app */ = {isa = PBXFileReference; explicitFileType = wrapper.application; includeInIndex = 0; path = HW17.app; sourceTree = BUILT_PRODUCTS_DIR; };
		BEE09D3E28F6960000541A7C /* AppDelegate.swift */ = {isa = PBXFileReference; lastKnownFileType = sourcecode.swift; path = AppDelegate.swift; sourceTree = "<group>"; };
		BEE09D4028F6960000541A7C /* SceneDelegate.swift */ = {isa = PBXFileReference; lastKnownFileType = sourcecode.swift; path = SceneDelegate.swift; sourceTree = "<group>"; };
		BEE09D4228F6960000541A7C /* ViewController.swift */ = {isa = PBXFileReference; lastKnownFileType = sourcecode.swift; path = ViewController.swift; sourceTree = "<group>"; };
		BEE09D4528F6960000541A7C /* Base */ = {isa = PBXFileReference; lastKnownFileType = file.storyboard; name = Base; path = Base.lproj/Main.storyboard; sourceTree = "<group>"; };
		BEE09D4728F6960300541A7C /* Assets.xcassets */ = {isa = PBXFileReference; lastKnownFileType = folder.assetcatalog; path = Assets.xcassets; sourceTree = "<group>"; };
		BEE09D4A28F6960300541A7C /* Base */ = {isa = PBXFileReference; lastKnownFileType = file.storyboard; name = Base; path = Base.lproj/LaunchScreen.storyboard; sourceTree = "<group>"; };
		BEE09D4C28F6960300541A7C /* Info.plist */ = {isa = PBXFileReference; lastKnownFileType = text.plist.xml; path = Info.plist; sourceTree = "<group>"; };
/* End PBXFileReference section */

/* Begin PBXFrameworksBuildPhase section */
		BEE09D3828F6960000541A7C /* Frameworks */ = {
			isa = PBXFrameworksBuildPhase;
			buildActionMask = 2147483647;
			files = (
			);
			runOnlyForDeploymentPostprocessing = 0;
		};
/* End PBXFrameworksBuildPhase section */

/* Begin PBXGroup section */
		BE15A02128F80FC3004AE5B5 /* Extension */ = {
			isa = PBXGroup;
			children = (
				BE15A02228F80FD6004AE5B5 /* Extension.swift */,
			);
			path = Extension;
			sourceTree = "<group>";
		};
		BEE09D3228F6960000541A7C = {
			isa = PBXGroup;
			children = (
				BEE09D3D28F6960000541A7C /* HW17 */,
				BEE09D3C28F6960000541A7C /* Products */,
			);
			sourceTree = "<group>";
		};
		BEE09D3C28F6960000541A7C /* Products */ = {
			isa = PBXGroup;
			children = (
				BEE09D3B28F6960000541A7C /* HW17.app */,
			);
			name = Products;
			sourceTree = "<group>";
		};
		BEE09D3D28F6960000541A7C /* HW17 */ = {
			isa = PBXGroup;
			children = (
				BEE09D5528F696B400541A7C /* Sources */,
				BEE09D5628F696C600541A7C /* Resources */,
			);
			path = HW17;
			sourceTree = "<group>";
		};
		BEE09D5228F6968E00541A7C /* APP */ = {
			isa = PBXGroup;
			children = (
				BEE09D3E28F6960000541A7C /* AppDelegate.swift */,
				BEE09D4028F6960000541A7C /* SceneDelegate.swift */,
			);
			path = APP;
			sourceTree = "<group>";
		};
		BEE09D5328F6969F00541A7C /* View */ = {
			isa = PBXGroup;
			children = (
				BEE09D4428F6960000541A7C /* Main.storyboard */,
				BEE09D4928F6960300541A7C /* LaunchScreen.storyboard */,
			);
			path = View;
			sourceTree = "<group>";
		};
		BEE09D5428F696A500541A7C /* Controller */ = {
			isa = PBXGroup;
			children = (
				BEE09D4228F6960000541A7C /* ViewController.swift */,
			);
			path = Controller;
			sourceTree = "<group>";
		};
		BEE09D5528F696B400541A7C /* Sources */ = {
			isa = PBXGroup;
			children = (
				BE15A02128F80FC3004AE5B5 /* Extension */,
				BEE09D5228F6968E00541A7C /* APP */,
				BEE09D5328F6969F00541A7C /* View */,
				BEE09D5428F696A500541A7C /* Controller */,
			);
			path = Sources;
			sourceTree = "<group>";
		};
		BEE09D5628F696C600541A7C /* Resources */ = {
			isa = PBXGroup;
			children = (
				BEE09D4728F6960300541A7C /* Assets.xcassets */,
				BEE09D4C28F6960300541A7C /* Info.plist */,
			);
			path = Resources;
			sourceTree = "<group>";
		};
/* End PBXGroup section */

/* Begin PBXNativeTarget section */
		BEE09D3A28F6960000541A7C /* HW17 */ = {
			isa = PBXNativeTarget;
			buildConfigurationList = BEE09D4F28F6960300541A7C /* Build configuration list for PBXNativeTarget "HW17" */;
			buildPhases = (
				BEE09D3728F6960000541A7C /* Sources */,
				BEE09D3828F6960000541A7C /* Frameworks */,
				BEE09D3928F6960000541A7C /* Resources */,
			);
			buildRules = (
			);
			dependencies = (
			);
			name = HW17;
			productName = HW17;
			productReference = BEE09D3B28F6960000541A7C /* HW17.app */;
			productType = "com.apple.product-type.application";
		};
/* End PBXNativeTarget section */

/* Begin PBXProject section */
		BEE09D3328F6960000541A7C /* Project object */ = {
			isa = PBXProject;
			attributes = {
				BuildIndependentTargetsInParallel = 1;
				LastSwiftUpdateCheck = 1320;
				LastUpgradeCheck = 1320;
				TargetAttributes = {
					BEE09D3A28F6960000541A7C = {
						CreatedOnToolsVersion = 13.2.1;
					};
				};
			};
			buildConfigurationList = BEE09D3628F6960000541A7C /* Build configuration list for PBXProject "HW17" */;
			compatibilityVersion = "Xcode 13.0";
			developmentRegion = en;
			hasScannedForEncodings = 0;
			knownRegions = (
				en,
				Base,
			);
			mainGroup = BEE09D3228F6960000541A7C;
			productRefGroup = BEE09D3C28F6960000541A7C /* Products */;
			projectDirPath = "";
			projectRoot = "";
			targets = (
				BEE09D3A28F6960000541A7C /* HW17 */,
			);
		};
/* End PBXProject section */

/* Begin PBXResourcesBuildPhase section */
		BEE09D3928F6960000541A7C /* Resources */ = {
			isa = PBXResourcesBuildPhase;
			buildActionMask = 2147483647;
			files = (
				BEE09D4B28F6960300541A7C /* LaunchScreen.storyboard in Resources */,
				BEE09D4828F6960300541A7C /* Assets.xcassets in Resources */,
				BEE09D4628F6960000541A7C /* Main.storyboard in Resources */,
			);
			runOnlyForDeploymentPostprocessing = 0;
		};
/* End PBXResourcesBuildPhase section */

/* Begin PBXSourcesBuildPhase section */
		BEE09D3728F6960000541A7C /* Sources */ = {
			isa = PBXSourcesBuildPhase;
			buildActionMask = 2147483647;
			files = (
				BEE09D4328F6960000541A7C /* ViewController.swift in Sources */,
				BEE09D3F28F6960000541A7C /* AppDelegate.swift in Sources */,
				BEE09D4128F6960000541A7C /* SceneDelegate.swift in Sources */,
				BE15A02328F80FD6004AE5B5 /* Extension.swift in Sources */,
			);
			runOnlyForDeploymentPostprocessing = 0;
		};
/* End PBXSourcesBuildPhase section */

/* Begin PBXVariantGroup section */
		BEE09D4428F6960000541A7C /* Main.storyboard */ = {
			isa = PBXVariantGroup;
			children = (
				BEE09D4528F6960000541A7C /* Base */,
			);
			name = Main.storyboard;
			sourceTree = "<group>";
		};
		BEE09D4928F6960300541A7C /* LaunchScreen.storyboard */ = {
			isa = PBXVariantGroup;
			children = (
				BEE09D4A28F6960300541A7C /* Base */,
			);
			name = LaunchScreen.storyboard;
			sourceTree = "<group>";
		};
/* End PBXVariantGroup section */

/* Begin XCBuildConfiguration section */
		BEE09D4D28F6960300541A7C /* Debug */ = {
			isa = XCBuildConfiguration;
			buildSettings = {
				ALWAYS_SEARCH_USER_PATHS = NO;
				CLANG_ANALYZER_NONNULL = YES;
				CLANG_ANALYZER_NUMBER_OBJECT_CONVERSION = YES_AGGRESSIVE;
				CLANG_CXX_LANGUAGE_STANDARD = "gnu++17";
				CLANG_CXX_LIBRARY = "libc++";
				CLANG_ENABLE_MODULES = YES;
				CLANG_ENABLE_OBJC_ARC = YES;
				CLANG_ENABLE_OBJC_WEAK = YES;
				CLANG_WARN_BLOCK_CAPTURE_AUTORELEASING = YES;
				CLANG_WARN_BOOL_CONVERSION = YES;
				CLANG_WARN_COMMA = YES;
				CLANG_WARN_CONSTANT_CONVERSION = YES;
				CLANG_WARN_DEPRECATED_OBJC_IMPLEMENTATIONS = YES;
				CLANG_WARN_DIRECT_OBJC_ISA_USAGE = YES_ERROR;
				CLANG_WARN_DOCUMENTATION_COMMENTS = YES;
				CLANG_WARN_EMPTY_BODY = YES;
				CLANG_WARN_ENUM_CONVERSION = YES;
				CLANG_WARN_INFINITE_RECURSION = YES;
				CLANG_WARN_INT_CONVERSION = YES;
				CLANG_WARN_NON_LITERAL_NULL_CONVERSION = YES;
				CLANG_WARN_OBJC_IMPLICIT_RETAIN_SELF = YES;
				CLANG_WARN_OBJC_LITERAL_CONVERSION = YES;
				CLANG_WARN_OBJC_ROOT_CLASS = YES_ERROR;
				CLANG_WARN_QUOTED_INCLUDE_IN_FRAMEWORK_HEADER = YES;
				CLANG_WARN_RANGE_LOOP_ANALYSIS = YES;
				CLANG_WARN_STRICT_PROTOTYPES = YES;
				CLANG_WARN_SUSPICIOUS_MOVE = YES;
				CLANG_WARN_UNGUARDED_AVAILABILITY = YES_AGGRESSIVE;
				CLANG_WARN_UNREACHABLE_CODE = YES;
				CLANG_WARN__DUPLICATE_METHOD_MATCH = YES;
				COPY_PHASE_STRIP = NO;
				DEBUG_INFORMATION_FORMAT = dwarf;
				ENABLE_STRICT_OBJC_MSGSEND = YES;
				ENABLE_TESTABILITY = YES;
				GCC_C_LANGUAGE_STANDARD = gnu11;
				GCC_DYNAMIC_NO_PIC = NO;
				GCC_NO_COMMON_BLOCKS = YES;
				GCC_OPTIMIZATION_LEVEL = 0;
				GCC_PREPROCESSOR_DEFINITIONS = (
					"DEBUG=1",
					"$(inherited)",
				);
				GCC_WARN_64_TO_32_BIT_CONVERSION = YES;
				GCC_WARN_ABOUT_RETURN_TYPE = YES_ERROR;
				GCC_WARN_UNDECLARED_SELECTOR = YES;
				GCC_WARN_UNINITIALIZED_AUTOS = YES_AGGRESSIVE;
				GCC_WARN_UNUSED_FUNCTION = YES;
				GCC_WARN_UNUSED_VARIABLE = YES;
				IPHONEOS_DEPLOYMENT_TARGET = 15.2;
				MTL_ENABLE_DEBUG_INFO = INCLUDE_SOURCE;
				MTL_FAST_MATH = YES;
				ONLY_ACTIVE_ARCH = YES;
				SDKROOT = iphoneos;
				SWIFT_ACTIVE_COMPILATION_CONDITIONS = DEBUG;
				SWIFT_OPTIMIZATION_LEVEL = "-Onone";
			};
			name = Debug;
		};
		BEE09D4E28F6960300541A7C /* Release */ = {
			isa = XCBuildConfiguration;
			buildSettings = {
				ALWAYS_SEARCH_USER_PATHS = NO;
				CLANG_ANALYZER_NONNULL = YES;
				CLANG_ANALYZER_NUMBER_OBJECT_CONVERSION = YES_AGGRESSIVE;
				CLANG_CXX_LANGUAGE_STANDARD = "gnu++17";
				CLANG_CXX_LIBRARY = "libc++";
				CLANG_ENABLE_MODULES = YES;
				CLANG_ENABLE_OBJC_ARC = YES;
				CLANG_ENABLE_OBJC_WEAK = YES;
				CLANG_WARN_BLOCK_CAPTURE_AUTORELEASING = YES;
				CLANG_WARN_BOOL_CONVERSION = YES;
				CLANG_WARN_COMMA = YES;
				CLANG_WARN_CONSTANT_CONVERSION = YES;
				CLANG_WARN_DEPRECATED_OBJC_IMPLEMENTATIONS = YES;
				CLANG_WARN_DIRECT_OBJC_ISA_USAGE = YES_ERROR;
				CLANG_WARN_DOCUMENTATION_COMMENTS = YES;
				CLANG_WARN_EMPTY_BODY = YES;
				CLANG_WARN_ENUM_CONVERSION = YES;
				CLANG_WARN_INFINITE_RECURSION = YES;
				CLANG_WARN_INT_CONVERSION = YES;
				CLANG_WARN_NON_LITERAL_NULL_CONVERSION = YES;
				CLANG_WARN_OBJC_IMPLICIT_RETAIN_SELF = YES;
				CLANG_WARN_OBJC_LITERAL_CONVERSION = YES;
				CLANG_WARN_OBJC_ROOT_CLASS = YES_ERROR;
				CLANG_WARN_QUOTED_INCLUDE_IN_FRAMEWORK_HEADER = YES;
				CLANG_WARN_RANGE_LOOP_ANALYSIS = YES;
				CLANG_WARN_STRICT_PROTOTYPES = YES;
				CLANG_WARN_SUSPICIOUS_MOVE = YES;
				CLANG_WARN_UNGUARDED_AVAILABILITY = YES_AGGRESSIVE;
				CLANG_WARN_UNREACHABLE_CODE = YES;
				CLANG_WARN__DUPLICATE_METHOD_MATCH = YES;
				COPY_PHASE_STRIP = NO;
				DEBUG_INFORMATION_FORMAT = "dwarf-with-dsym";
				ENABLE_NS_ASSERTIONS = NO;
				ENABLE_STRICT_OBJC_MSGSEND = YES;
				GCC_C_LANGUAGE_STANDARD = gnu11;
				GCC_NO_COMMON_BLOCKS = YES;
				GCC_WARN_64_TO_32_BIT_CONVERSION = YES;
				GCC_WARN_ABOUT_RETURN_TYPE = YES_ERROR;
				GCC_WARN_UNDECLARED_SELECTOR = YES;
				GCC_WARN_UNINITIALIZED_AUTOS = YES_AGGRESSIVE;
				GCC_WARN_UNUSED_FUNCTION = YES;
				GCC_WARN_UNUSED_VARIABLE = YES;
				IPHONEOS_DEPLOYMENT_TARGET = 15.2;
				MTL_ENABLE_DEBUG_INFO = NO;
				MTL_FAST_MATH = YES;
				SDKROOT = iphoneos;
				SWIFT_COMPILATION_MODE = wholemodule;
				SWIFT_OPTIMIZATION_LEVEL = "-O";
				VALIDATE_PRODUCT = YES;
			};
			name = Release;
		};
		BEE09D5028F6960300541A7C /* Debug */ = {
			isa = XCBuildConfiguration;
			buildSettings = {
				ASSETCATALOG_COMPILER_APPICON_NAME = AppIcon;
				ASSETCATALOG_COMPILER_GLOBAL_ACCENT_COLOR_NAME = AccentColor;
				CODE_SIGN_STYLE = Automatic;
				CURRENT_PROJECT_VERSION = 1;
				DEVELOPMENT_TEAM = 65ZD43WNWU;
				GENERATE_INFOPLIST_FILE = YES;
				INFOPLIST_FILE = HW17/Resources/Info.plist;
				INFOPLIST_KEY_UIApplicationSupportsIndirectInputEvents = YES;
				INFOPLIST_KEY_UILaunchStoryboardName = LaunchScreen;
				INFOPLIST_KEY_UIMainStoryboardFile = Main;
				INFOPLIST_KEY_UISupportedInterfaceOrientations_iPad = "UIInterfaceOrientationPortrait UIInterfaceOrientationPortraitUpsideDown UIInterfaceOrientationLandscapeLeft UIInterfaceOrientationLandscapeRight";
				INFOPLIST_KEY_UISupportedInterfaceOrientations_iPhone = "UIInterfaceOrientationPortrait UIInterfaceOrientationLandscapeLeft UIInterfaceOrientationLandscapeRight";
				LD_RUNPATH_SEARCH_PATHS = (
					"$(inherited)",
					"@executable_path/Frameworks",
				);
				MARKETING_VERSION = 1.0;
				PRODUCT_BUNDLE_IDENTIFIER = viktorBasiev.HW17;
				PRODUCT_NAME = "$(TARGET_NAME)";
				SWIFT_EMIT_LOC_STRINGS = YES;
				SWIFT_VERSION = 5.0;
				TARGETED_DEVICE_FAMILY = "1,2";
			};
			name = Debug;
		};
		BEE09D5128F6960300541A7C /* Release */ = {
			isa = XCBuildConfiguration;
			buildSettings = {
				ASSETCATALOG_COMPILER_APPICON_NAME = AppIcon;
				ASSETCATALOG_COMPILER_GLOBAL_ACCENT_COLOR_NAME = AccentColor;
				CODE_SIGN_STYLE = Automatic;
				CURRENT_PROJECT_VERSION = 1;
				DEVELOPMENT_TEAM = 65ZD43WNWU;
				GENERATE_INFOPLIST_FILE = YES;
				INFOPLIST_FILE = HW17/Resources/Info.plist;
				INFOPLIST_KEY_UIApplicationSupportsIndirectInputEvents = YES;
				INFOPLIST_KEY_UILaunchStoryboardName = LaunchScreen;
				INFOPLIST_KEY_UIMainStoryboardFile = Main;
				INFOPLIST_KEY_UISupportedInterfaceOrientations_iPad = "UIInterfaceOrientationPortrait UIInterfaceOrientationPortraitUpsideDown UIInterfaceOrientationLandscapeLeft UIInterfaceOrientationLandscapeRight";
				INFOPLIST_KEY_UISupportedInterfaceOrientations_iPhone = "UIInterfaceOrientationPortrait UIInterfaceOrientationLandscapeLeft UIInterfaceOrientationLandscapeRight";
				LD_RUNPATH_SEARCH_PATHS = (
					"$(inherited)",
					"@executable_path/Frameworks",
				);
				MARKETING_VERSION = 1.0;
				PRODUCT_BUNDLE_IDENTIFIER = viktorBasiev.HW17;
				PRODUCT_NAME = "$(TARGET_NAME)";
				SWIFT_EMIT_LOC_STRINGS = YES;
				SWIFT_VERSION = 5.0;
				TARGETED_DEVICE_FAMILY = "1,2";
			};
			name = Release;
		};
/* End XCBuildConfiguration section */

/* Begin XCConfigurationList section */
		BEE09D3628F6960000541A7C /* Build configuration list for PBXProject "HW17" */ = {
			isa = XCConfigurationList;
			buildConfigurations = (
				BEE09D4D28F6960300541A7C /* Debug */,
				BEE09D4E28F6960300541A7C /* Release */,
			);
			defaultConfigurationIsVisible = 0;
			defaultConfigurationName = Release;
		};
		BEE09D4F28F6960300541A7C /* Build configuration list for PBXNativeTarget "HW17" */ = {
			isa = XCConfigurationList;
			buildConfigurations = (
				BEE09D5028F6960300541A7C /* Debug */,
				BEE09D5128F6960300541A7C /* Release */,
			);
			defaultConfigurationIsVisible = 0;
			defaultConfigurationName = Release;
		};
/* End XCConfigurationList section */
	};
	rootObject = BEE09D3328F6960000541A7C /* Project object */;
}
